
Microsoft Visual Studio Solution File, Format Version 12.00
# Visual Studio 15
VisualStudioVersion = 15.0.28307.168
MinimumVisualStudioVersion = 10.0.40219.1
Project("{FAE04EC0-301F-11D3-BF4B-00C04F79EFBC}") = "Gamal_2.0", "Gamal_2.0\Gamal_2.0.csproj", "{A8F24B09-7985-4419-A53F-1F4B36A9648E}"
EndProject
Global
	GlobalSection(SolutionConfigurationPlatforms) = preSolution
		Debug|Any CPU = Debug|Any CPU
		Release|Any CPU = Release|Any CPU
	EndGlobalSection
	GlobalSection(ProjectConfigurationPlatforms) = postSolution
		{A8F24B09-7985-4419-A53F-1F4B36A9648E}.Debug|Any CPU.ActiveCfg = Debug|Any CPU
		{A8F24B09-7985-4419-A53F-1F4B36A9648E}.Debug|Any CPU.Build.0 = Debug|Any CPU
		{A8F24B09-7985-4419-A53F-1F4B36A9648E}.Release|Any CPU.ActiveCfg = Release|Any CPU
		{A8F24B09-7985-4419-A53F-1F4B36A9648E}.Release|Any CPU.Build.0 = Release|Any CPU
	EndGlobalSection
	GlobalSection(SolutionProperties) = preSolution
		HideSolutionNode = FALSE
	EndGlobalSection
	GlobalSection(ExtensibilityGlobals) = postSolution
		SolutionGuid = {31D772E6-2269-4012-BAE1-E933E6B1DCD1}
	EndGlobalSection
EndGlobal
